
Microsoft Visual Studio Solution File, Format Version 12.00
# Visual Studio Version 17
VisualStudioVersion = 17.11.35208.52
MinimumVisualStudioVersion = 10.0.40219.1
Project("{9A19103F-16F7-4668-BE54-9A1E7A4F7556}") = "VerstaWeb", "VerstaWeb\VerstaWeb.csproj", "{34A489C2-4315-4F8A-AD92-176DF2AC9657}"
EndProject
Project("{9A19103F-16F7-4668-BE54-9A1E7A4F7556}") = "DeliveryOrder.Core", "DeliveryOrder.Core\DeliveryOrder.Core.csproj", "{C0E509C2-5952-435D-B95D-7E1C37BB8EAE}"
EndProject
Project("{FAE04EC0-301F-11D3-BF4B-00C04F79EFBC}") = "DeliveryOrder.DataAccess", "DeliveryOrder.DataAccess\DeliveryOrder.DataAccess.csproj", "{CF755DA8-1362-4467-A7A2-369A56A77BB1}"
EndProject
Project("{FAE04EC0-301F-11D3-BF4B-00C04F79EFBC}") = "DeliveryOrder.Application", "DeliveryOrder.Application\DeliveryOrder.Application.csproj", "{8A4DB5E9-582E-4BC4-BCB5-277FDD6C4B2A}"
EndProject
Global
	GlobalSection(SolutionConfigurationPlatforms) = preSolution
		Debug|Any CPU = Debug|Any CPU
		Release|Any CPU = Release|Any CPU
	EndGlobalSection
	GlobalSection(ProjectConfigurationPlatforms) = postSolution
		{34A489C2-4315-4F8A-AD92-176DF2AC9657}.Debug|Any CPU.ActiveCfg = Debug|Any CPU
		{34A489C2-4315-4F8A-AD92-176DF2AC9657}.Debug|Any CPU.Build.0 = Debug|Any CPU
		{34A489C2-4315-4F8A-AD92-176DF2AC9657}.Release|Any CPU.ActiveCfg = Release|Any CPU
		{34A489C2-4315-4F8A-AD92-176DF2AC9657}.Release|Any CPU.Build.0 = Release|Any CPU
		{C0E509C2-5952-435D-B95D-7E1C37BB8EAE}.Debug|Any CPU.ActiveCfg = Debug|Any CPU
		{C0E509C2-5952-435D-B95D-7E1C37BB8EAE}.Debug|Any CPU.Build.0 = Debug|Any CPU
		{C0E509C2-5952-435D-B95D-7E1C37BB8EAE}.Release|Any CPU.ActiveCfg = Release|Any CPU
		{C0E509C2-5952-435D-B95D-7E1C37BB8EAE}.Release|Any CPU.Build.0 = Release|Any CPU
		{CF755DA8-1362-4467-A7A2-369A56A77BB1}.Debug|Any CPU.ActiveCfg = Debug|Any CPU
		{CF755DA8-1362-4467-A7A2-369A56A77BB1}.Debug|Any CPU.Build.0 = Debug|Any CPU
		{CF755DA8-1362-4467-A7A2-369A56A77BB1}.Release|Any CPU.ActiveCfg = Release|Any CPU
		{CF755DA8-1362-4467-A7A2-369A56A77BB1}.Release|Any CPU.Build.0 = Release|Any CPU
		{8A4DB5E9-582E-4BC4-BCB5-277FDD6C4B2A}.Debug|Any CPU.ActiveCfg = Debug|Any CPU
		{8A4DB5E9-582E-4BC4-BCB5-277FDD6C4B2A}.Debug|Any CPU.Build.0 = Debug|Any CPU
		{8A4DB5E9-582E-4BC4-BCB5-277FDD6C4B2A}.Release|Any CPU.ActiveCfg = Release|Any CPU
		{8A4DB5E9-582E-4BC4-BCB5-277FDD6C4B2A}.Release|Any CPU.Build.0 = Release|Any CPU
	EndGlobalSection
	GlobalSection(SolutionProperties) = preSolution
		HideSolutionNode = FALSE
	EndGlobalSection
	GlobalSection(ExtensibilityGlobals) = postSolution
		SolutionGuid = {DA9D58AD-A731-4857-B2D4-CAC0055C5405}
	EndGlobalSection
EndGlobal
